// !$*UTF8*$!
{
	archiveVersion = 1;
	classes = {
	};
	objectVersion = 56;
	objects = {

/* Begin PBXBuildFile section */
		5C4C52132BAA92D3005616F3 /* ForeignCurrencyExchangeApp.swift in Sources */ = {isa = PBXBuildFile; fileRef = 5C4C52122BAA92D3005616F3 /* ForeignCurrencyExchangeApp.swift */; };
		5C4C52152BAA92D3005616F3 /* ContentView.swift in Sources */ = {isa = PBXBuildFile; fileRef = 5C4C52142BAA92D3005616F3 /* ContentView.swift */; };
		5C4C52172BAA92D5005616F3 /* Assets.xcassets in Resources */ = {isa = PBXBuildFile; fileRef = 5C4C52162BAA92D5005616F3 /* Assets.xcassets */; };
		5C4C521A2BAA92D5005616F3 /* Preview Assets.xcassets in Resources */ = {isa = PBXBuildFile; fileRef = 5C4C52192BAA92D5005616F3 /* Preview Assets.xcassets */; };
		5C4C52242BAA92D5005616F3 /* ForeignCurrencyExchangeTests.swift in Sources */ = {isa = PBXBuildFile; fileRef = 5C4C52232BAA92D5005616F3 /* ForeignCurrencyExchangeTests.swift */; };
		5C4C522E2BAA92D5005616F3 /* ForeignCurrencyExchangeUITests.swift in Sources */ = {isa = PBXBuildFile; fileRef = 5C4C522D2BAA92D5005616F3 /* ForeignCurrencyExchangeUITests.swift */; };
		5C4C52302BAA92D5005616F3 /* ForeignCurrencyExchangeUITestsLaunchTests.swift in Sources */ = {isa = PBXBuildFile; fileRef = 5C4C522F2BAA92D5005616F3 /* ForeignCurrencyExchangeUITestsLaunchTests.swift */; };
/* End PBXBuildFile section */

/* Begin PBXContainerItemProxy section */
		5C4C52202BAA92D5005616F3 /* PBXContainerItemProxy */ = {
			isa = PBXContainerItemProxy;
			containerPortal = 5C4C52072BAA92D3005616F3 /* Project object */;
			proxyType = 1;
			remoteGlobalIDString = 5C4C520E2BAA92D3005616F3;
			remoteInfo = ForeignCurrencyExchange;
		};
		5C4C522A2BAA92D5005616F3 /* PBXContainerItemProxy */ = {
			isa = PBXContainerItemProxy;
			containerPortal = 5C4C52072BAA92D3005616F3 /* Project object */;
			proxyType = 1;
			remoteGlobalIDString = 5C4C520E2BAA92D3005616F3;
			remoteInfo = ForeignCurrencyExchange;
		};
/* End PBXContainerItemProxy section */

/* Begin PBXFileReference section */
		5C4C520F2BAA92D3005616F3 /* ForeignCurrencyExchange.app */ = {isa = PBXFileReference; explicitFileType = wrapper.application; includeInIndex = 0; path = ForeignCurrencyExchange.app; sourceTree = BUILT_PRODUCTS_DIR; };
		5C4C52122BAA92D3005616F3 /* ForeignCurrencyExchangeApp.swift */ = {isa = PBXFileReference; lastKnownFileType = sourcecode.swift; path = ForeignCurrencyExchangeApp.swift; sourceTree = "<group>"; };
		5C4C52142BAA92D3005616F3 /* ContentView.swift */ = {isa = PBXFileReference; lastKnownFileType = sourcecode.swift; path = ContentView.swift; sourceTree = "<group>"; };
		5C4C52162BAA92D5005616F3 /* Assets.xcassets */ = {isa = PBXFileReference; lastKnownFileType = folder.assetcatalog; path = Assets.xcassets; sourceTree = "<group>"; };
		5C4C52192BAA92D5005616F3 /* Preview Assets.xcassets */ = {isa = PBXFileReference; lastKnownFileType = folder.assetcatalog; path = "Preview Assets.xcassets"; sourceTree = "<group>"; };
		5C4C521F2BAA92D5005616F3 /* ForeignCurrencyExchangeTests.xctest */ = {isa = PBXFileReference; explicitFileType = wrapper.cfbundle; includeInIndex = 0; path = ForeignCurrencyExchangeTests.xctest; sourceTree = BUILT_PRODUCTS_DIR; };
		5C4C52232BAA92D5005616F3 /* ForeignCurrencyExchangeTests.swift */ = {isa = PBXFileReference; lastKnownFileType = sourcecode.swift; path = ForeignCurrencyExchangeTests.swift; sourceTree = "<group>"; };
		5C4C52292BAA92D5005616F3 /* ForeignCurrencyExchangeUITests.xctest */ = {isa = PBXFileReference; explicitFileType = wrapper.cfbundle; includeInIndex = 0; path = ForeignCurrencyExchangeUITests.xctest; sourceTree = BUILT_PRODUCTS_DIR; };
		5C4C522D2BAA92D5005616F3 /* ForeignCurrencyExchangeUITests.swift */ = {isa = PBXFileReference; lastKnownFileType = sourcecode.swift; path = ForeignCurrencyExchangeUITests.swift; sourceTree = "<group>"; };
		5C4C522F2BAA92D5005616F3 /* ForeignCurrencyExchangeUITestsLaunchTests.swift */ = {isa = PBXFileReference; lastKnownFileType = sourcecode.swift; path = ForeignCurrencyExchangeUITestsLaunchTests.swift; sourceTree = "<group>"; };
/* End PBXFileReference section */

/* Begin PBXFrameworksBuildPhase section */
		5C4C520C2BAA92D3005616F3 /* Frameworks */ = {
			isa = PBXFrameworksBuildPhase;
			buildActionMask = 2147483647;
			files = (
			);
			runOnlyForDeploymentPostprocessing = 0;
		};
		5C4C521C2BAA92D5005616F3 /* Frameworks */ = {
			isa = PBXFrameworksBuildPhase;
			buildActionMask = 2147483647;
			files = (
			);
			runOnlyForDeploymentPostprocessing = 0;
		};
		5C4C52262BAA92D5005616F3 /* Frameworks */ = {
			isa = PBXFrameworksBuildPhase;
			buildActionMask = 2147483647;
			files = (
			);
			runOnlyForDeploymentPostprocessing = 0;
		};
/* End PBXFrameworksBuildPhase section */

/* Begin PBXGroup section */
		5C4C52062BAA92D3005616F3 = {
			isa = PBXGroup;
			children = (
				5C4C52112BAA92D3005616F3 /* ForeignCurrencyExchange */,
				5C4C52222BAA92D5005616F3 /* ForeignCurrencyExchangeTests */,
				5C4C522C2BAA92D5005616F3 /* ForeignCurrencyExchangeUITests */,
				5C4C52102BAA92D3005616F3 /* Products */,
			);
			sourceTree = "<group>";
		};
		5C4C52102BAA92D3005616F3 /* Products */ = {
			isa = PBXGroup;
			children = (
				5C4C520F2BAA92D3005616F3 /* ForeignCurrencyExchange.app */,
				5C4C521F2BAA92D5005616F3 /* ForeignCurrencyExchangeTests.xctest */,
				5C4C52292BAA92D5005616F3 /* ForeignCurrencyExchangeUITests.xctest */,
			);
			name = Products;
			sourceTree = "<group>";
		};
		5C4C52112BAA92D3005616F3 /* ForeignCurrencyExchange */ = {
			isa = PBXGroup;
			children = (
				5C4C52122BAA92D3005616F3 /* ForeignCurrencyExchangeApp.swift */,
				5C4C52142BAA92D3005616F3 /* ContentView.swift */,
				5C4C52162BAA92D5005616F3 /* Assets.xcassets */,
				5C4C52182BAA92D5005616F3 /* Preview Content */,
			);
			path = ForeignCurrencyExchange;
			sourceTree = "<group>";
		};
		5C4C52182BAA92D5005616F3 /* Preview Content */ = {
			isa = PBXGroup;
			children = (
				5C4C52192BAA92D5005616F3 /* Preview Assets.xcassets */,
			);
			path = "Preview Content";
			sourceTree = "<group>";
		};
		5C4C52222BAA92D5005616F3 /* ForeignCurrencyExchangeTests */ = {
			isa = PBXGroup;
			children = (
				5C4C52232BAA92D5005616F3 /* ForeignCurrencyExchangeTests.swift */,
			);
			path = ForeignCurrencyExchangeTests;
			sourceTree = "<group>";
		};
		5C4C522C2BAA92D5005616F3 /* ForeignCurrencyExchangeUITests */ = {
			isa = PBXGroup;
			children = (
				5C4C522D2BAA92D5005616F3 /* ForeignCurrencyExchangeUITests.swift */,
				5C4C522F2BAA92D5005616F3 /* ForeignCurrencyExchangeUITestsLaunchTests.swift */,
			);
			path = ForeignCurrencyExchangeUITests;
			sourceTree = "<group>";
		};
/* End PBXGroup section */

/* Begin PBXNativeTarget section */
		5C4C520E2BAA92D3005616F3 /* ForeignCurrencyExchange */ = {
			isa = PBXNativeTarget;
			buildConfigurationList = 5C4C52332BAA92D5005616F3 /* Build configuration list for PBXNativeTarget "ForeignCurrencyExchange" */;
			buildPhases = (
				5C4C520B2BAA92D3005616F3 /* Sources */,
				5C4C520C2BAA92D3005616F3 /* Frameworks */,
				5C4C520D2BAA92D3005616F3 /* Resources */,
			);
			buildRules = (
			);
			dependencies = (
			);
			name = ForeignCurrencyExchange;
			productName = ForeignCurrencyExchange;
			productReference = 5C4C520F2BAA92D3005616F3 /* ForeignCurrencyExchange.app */;
			productType = "com.apple.product-type.application";
		};
		5C4C521E2BAA92D5005616F3 /* ForeignCurrencyExchangeTests */ = {
			isa = PBXNativeTarget;
			buildConfigurationList = 5C4C52362BAA92D5005616F3 /* Build configuration list for PBXNativeTarget "ForeignCurrencyExchangeTests" */;
			buildPhases = (
				5C4C521B2BAA92D5005616F3 /* Sources */,
				5C4C521C2BAA92D5005616F3 /* Frameworks */,
				5C4C521D2BAA92D5005616F3 /* Resources */,
			);
			buildRules = (
			);
			dependencies = (
				5C4C52212BAA92D5005616F3 /* PBXTargetDependency */,
			);
			name = ForeignCurrencyExchangeTests;
			productName = ForeignCurrencyExchangeTests;
			productReference = 5C4C521F2BAA92D5005616F3 /* ForeignCurrencyExchangeTests.xctest */;
			productType = "com.apple.product-type.bundle.unit-test";
		};
		5C4C52282BAA92D5005616F3 /* ForeignCurrencyExchangeUITests */ = {
			isa = PBXNativeTarget;
			buildConfigurationList = 5C4C52392BAA92D5005616F3 /* Build configuration list for PBXNativeTarget "ForeignCurrencyExchangeUITests" */;
			buildPhases = (
				5C4C52252BAA92D5005616F3 /* Sources */,
				5C4C52262BAA92D5005616F3 /* Frameworks */,
				5C4C52272BAA92D5005616F3 /* Resources */,
			);
			buildRules = (
			);
			dependencies = (
				5C4C522B2BAA92D5005616F3 /* PBXTargetDependency */,
			);
			name = ForeignCurrencyExchangeUITests;
			productName = ForeignCurrencyExchangeUITests;
			productReference = 5C4C52292BAA92D5005616F3 /* ForeignCurrencyExchangeUITests.xctest */;
			productType = "com.apple.product-type.bundle.ui-testing";
		};
/* End PBXNativeTarget section */

/* Begin PBXProject section */
		5C4C52072BAA92D3005616F3 /* Project object */ = {
			isa = PBXProject;
			attributes = {
				BuildIndependentTargetsInParallel = 1;
				LastSwiftUpdateCheck = 1530;
				LastUpgradeCheck = 1530;
				TargetAttributes = {
					5C4C520E2BAA92D3005616F3 = {
						CreatedOnToolsVersion = 15.3;
					};
					5C4C521E2BAA92D5005616F3 = {
						CreatedOnToolsVersion = 15.3;
						TestTargetID = 5C4C520E2BAA92D3005616F3;
					};
					5C4C52282BAA92D5005616F3 = {
						CreatedOnToolsVersion = 15.3;
						TestTargetID = 5C4C520E2BAA92D3005616F3;
					};
				};
			};
			buildConfigurationList = 5C4C520A2BAA92D3005616F3 /* Build configuration list for PBXProject "ForeignCurrencyExchange" */;
			compatibilityVersion = "Xcode 14.0";
			developmentRegion = en;
			hasScannedForEncodings = 0;
			knownRegions = (
				en,
				Base,
			);
			mainGroup = 5C4C52062BAA92D3005616F3;
			productRefGroup = 5C4C52102BAA92D3005616F3 /* Products */;
			projectDirPath = "";
			projectRoot = "";
			targets = (
				5C4C520E2BAA92D3005616F3 /* ForeignCurrencyExchange */,
				5C4C521E2BAA92D5005616F3 /* ForeignCurrencyExchangeTests */,
				5C4C52282BAA92D5005616F3 /* ForeignCurrencyExchangeUITests */,
			);
		};
/* End PBXProject section */

/* Begin PBXResourcesBuildPhase section */
		5C4C520D2BAA92D3005616F3 /* Resources */ = {
			isa = PBXResourcesBuildPhase;
			buildActionMask = 2147483647;
			files = (
				5C4C521A2BAA92D5005616F3 /* Preview Assets.xcassets in Resources */,
				5C4C52172BAA92D5005616F3 /* Assets.xcassets in Resources */,
			);
			runOnlyForDeploymentPostprocessing = 0;
		};
		5C4C521D2BAA92D5005616F3 /* Resources */ = {
			isa = PBXResourcesBuildPhase;
			buildActionMask = 2147483647;
			files = (
			);
			runOnlyForDeploymentPostprocessing = 0;
		};
		5C4C52272BAA92D5005616F3 /* Resources */ = {
			isa = PBXResourcesBuildPhase;
			buildActionMask = 2147483647;
			files = (
			);
			runOnlyForDeploymentPostprocessing = 0;
		};
/* End PBXResourcesBuildPhase section */

/* Begin PBXSourcesBuildPhase section */
		5C4C520B2BAA92D3005616F3 /* Sources */ = {
			isa = PBXSourcesBuildPhase;
			buildActionMask = 2147483647;
			files = (
				5C4C52152BAA92D3005616F3 /* ContentView.swift in Sources */,
				5C4C52132BAA92D3005616F3 /* ForeignCurrencyExchangeApp.swift in Sources */,
			);
			runOnlyForDeploymentPostprocessing = 0;
		};
		5C4C521B2BAA92D5005616F3 /* Sources */ = {
			isa = PBXSourcesBuildPhase;
			buildActionMask = 2147483647;
			files = (
				5C4C52242BAA92D5005616F3 /* ForeignCurrencyExchangeTests.swift in Sources */,
			);
			runOnlyForDeploymentPostprocessing = 0;
		};
		5C4C52252BAA92D5005616F3 /* Sources */ = {
			isa = PBXSourcesBuildPhase;
			buildActionMask = 2147483647;
			files = (
				5C4C522E2BAA92D5005616F3 /* ForeignCurrencyExchangeUITests.swift in Sources */,
				5C4C52302BAA92D5005616F3 /* ForeignCurrencyExchangeUITestsLaunchTests.swift in Sources */,
			);
			runOnlyForDeploymentPostprocessing = 0;
		};
/* End PBXSourcesBuildPhase section */

/* Begin PBXTargetDependency section */
		5C4C52212BAA92D5005616F3 /* PBXTargetDependency */ = {
			isa = PBXTargetDependency;
			target = 5C4C520E2BAA92D3005616F3 /* ForeignCurrencyExchange */;
			targetProxy = 5C4C52202BAA92D5005616F3 /* PBXContainerItemProxy */;
		};
		5C4C522B2BAA92D5005616F3 /* PBXTargetDependency */ = {
			isa = PBXTargetDependency;
			target = 5C4C520E2BAA92D3005616F3 /* ForeignCurrencyExchange */;
			targetProxy = 5C4C522A2BAA92D5005616F3 /* PBXContainerItemProxy */;
		};
/* End PBXTargetDependency section */

/* Begin XCBuildConfiguration section */
		5C4C52312BAA92D5005616F3 /* Debug */ = {
			isa = XCBuildConfiguration;
			buildSettings = {
				ALWAYS_SEARCH_USER_PATHS = NO;
				ASSETCATALOG_COMPILER_GENERATE_SWIFT_ASSET_SYMBOL_EXTENSIONS = YES;
				CLANG_ANALYZER_NONNULL = YES;
				CLANG_ANALYZER_NUMBER_OBJECT_CONVERSION = YES_AGGRESSIVE;
				CLANG_CXX_LANGUAGE_STANDARD = "gnu++20";
				CLANG_ENABLE_MODULES = YES;
				CLANG_ENABLE_OBJC_ARC = YES;
				CLANG_ENABLE_OBJC_WEAK = YES;
				CLANG_WARN_BLOCK_CAPTURE_AUTORELEASING = YES;
				CLANG_WARN_BOOL_CONVERSION = YES;
				CLANG_WARN_COMMA = YES;
				CLANG_WARN_CONSTANT_CONVERSION = YES;
				CLANG_WARN_DEPRECATED_OBJC_IMPLEMENTATIONS = YES;
				CLANG_WARN_DIRECT_OBJC_ISA_USAGE = YES_ERROR;
				CLANG_WARN_DOCUMENTATION_COMMENTS = YES;
				CLANG_WARN_EMPTY_BODY = YES;
				CLANG_WARN_ENUM_CONVERSION = YES;
				CLANG_WARN_INFINITE_RECURSION = YES;
				CLANG_WARN_INT_CONVERSION = YES;
				CLANG_WARN_NON_LITERAL_NULL_CONVERSION = YES;
				CLANG_WARN_OBJC_IMPLICIT_RETAIN_SELF = YES;
				CLANG_WARN_OBJC_LITERAL_CONVERSION = YES;
				CLANG_WARN_OBJC_ROOT_CLASS = YES_ERROR;
				CLANG_WARN_QUOTED_INCLUDE_IN_FRAMEWORK_HEADER = YES;
				CLANG_WARN_RANGE_LOOP_ANALYSIS = YES;
				CLANG_WARN_STRICT_PROTOTYPES = YES;
				CLANG_WARN_SUSPICIOUS_MOVE = YES;
				CLANG_WARN_UNGUARDED_AVAILABILITY = YES_AGGRESSIVE;
				CLANG_WARN_UNREACHABLE_CODE = YES;
				CLANG_WARN__DUPLICATE_METHOD_MATCH = YES;
				COPY_PHASE_STRIP = NO;
				DEBUG_INFORMATION_FORMAT = dwarf;
				ENABLE_STRICT_OBJC_MSGSEND = YES;
				ENABLE_TESTABILITY = YES;
				ENABLE_USER_SCRIPT_SANDBOXING = YES;
				GCC_C_LANGUAGE_STANDARD = gnu17;
				GCC_DYNAMIC_NO_PIC = NO;
				GCC_NO_COMMON_BLOCKS = YES;
				GCC_OPTIMIZATION_LEVEL = 0;
				GCC_PREPROCESSOR_DEFINITIONS = (
					"DEBUG=1",
					"$(inherited)",
				);
				GCC_WARN_64_TO_32_BIT_CONVERSION = YES;
				GCC_WARN_ABOUT_RETURN_TYPE = YES_ERROR;
				GCC_WARN_UNDECLARED_SELECTOR = YES;
				GCC_WARN_UNINITIALIZED_AUTOS = YES_AGGRESSIVE;
				GCC_WARN_UNUSED_FUNCTION = YES;
				GCC_WARN_UNUSED_VARIABLE = YES;
				IPHONEOS_DEPLOYMENT_TARGET = 17.4;
				LOCALIZATION_PREFERS_STRING_CATALOGS = YES;
				MTL_ENABLE_DEBUG_INFO = INCLUDE_SOURCE;
				MTL_FAST_MATH = YES;
				ONLY_ACTIVE_ARCH = YES;
				SDKROOT = iphoneos;
				SWIFT_ACTIVE_COMPILATION_CONDITIONS = "DEBUG $(inherited)";
				SWIFT_OPTIMIZATION_LEVEL = "-Onone";
			};
			name = Debug;
		};
		5C4C52322BAA92D5005616F3 /* Release */ = {
			isa = XCBuildConfiguration;
			buildSettings = {
				ALWAYS_SEARCH_USER_PATHS = NO;
				ASSETCATALOG_COMPILER_GENERATE_SWIFT_ASSET_SYMBOL_EXTENSIONS = YES;
				CLANG_ANALYZER_NONNULL = YES;
				CLANG_ANALYZER_NUMBER_OBJECT_CONVERSION = YES_AGGRESSIVE;
				CLANG_CXX_LANGUAGE_STANDARD = "gnu++20";
				CLANG_ENABLE_MODULES = YES;
				CLANG_ENABLE_OBJC_ARC = YES;
				CLANG_ENABLE_OBJC_WEAK = YES;
				CLANG_WARN_BLOCK_CAPTURE_AUTORELEASING = YES;
				CLANG_WARN_BOOL_CONVERSION = YES;
				CLANG_WARN_COMMA = YES;
				CLANG_WARN_CONSTANT_CONVERSION = YES;
				CLANG_WARN_DEPRECATED_OBJC_IMPLEMENTATIONS = YES;
				CLANG_WARN_DIRECT_OBJC_ISA_USAGE = YES_ERROR;
				CLANG_WARN_DOCUMENTATION_COMMENTS = YES;
				CLANG_WARN_EMPTY_BODY = YES;
				CLANG_WARN_ENUM_CONVERSION = YES;
				CLANG_WARN_INFINITE_RECURSION = YES;
				CLANG_WARN_INT_CONVERSION = YES;
				CLANG_WARN_NON_LITERAL_NULL_CONVERSION = YES;
				CLANG_WARN_OBJC_IMPLICIT_RETAIN_SELF = YES;
				CLANG_WARN_OBJC_LITERAL_CONVERSION = YES;
				CLANG_WARN_OBJC_ROOT_CLASS = YES_ERROR;
				CLANG_WARN_QUOTED_INCLUDE_IN_FRAMEWORK_HEADER = YES;
				CLANG_WARN_RANGE_LOOP_ANALYSIS = YES;
				CLANG_WARN_STRICT_PROTOTYPES = YES;
				CLANG_WARN_SUSPICIOUS_MOVE = YES;
				CLANG_WARN_UNGUARDED_AVAILABILITY = YES_AGGRESSIVE;
				CLANG_WARN_UNREACHABLE_CODE = YES;
				CLANG_WARN__DUPLICATE_METHOD_MATCH = YES;
				COPY_PHASE_STRIP = NO;
				DEBUG_INFORMATION_FORMAT = "dwarf-with-dsym";
				ENABLE_NS_ASSERTIONS = NO;
				ENABLE_STRICT_OBJC_MSGSEND = YES;
				ENABLE_USER_SCRIPT_SANDBOXING = YES;
				GCC_C_LANGUAGE_STANDARD = gnu17;
				GCC_NO_COMMON_BLOCKS = YES;
				GCC_WARN_64_TO_32_BIT_CONVERSION = YES;
				GCC_WARN_ABOUT_RETURN_TYPE = YES_ERROR;
				GCC_WARN_UNDECLARED_SELECTOR = YES;
				GCC_WARN_UNINITIALIZED_AUTOS = YES_AGGRESSIVE;
				GCC_WARN_UNUSED_FUNCTION = YES;
				GCC_WARN_UNUSED_VARIABLE = YES;
				IPHONEOS_DEPLOYMENT_TARGET = 17.4;
				LOCALIZATION_PREFERS_STRING_CATALOGS = YES;
				MTL_ENABLE_DEBUG_INFO = NO;
				MTL_FAST_MATH = YES;
				SDKROOT = iphoneos;
				SWIFT_COMPILATION_MODE = wholemodule;
				VALIDATE_PRODUCT = YES;
			};
			name = Release;
		};
		5C4C52342BAA92D5005616F3 /* Debug */ = {
			isa = XCBuildConfiguration;
			buildSettings = {
				ASSETCATALOG_COMPILER_APPICON_NAME = AppIcon;
				ASSETCATALOG_COMPILER_GLOBAL_ACCENT_COLOR_NAME = AccentColor;
				CODE_SIGN_STYLE = Automatic;
				CURRENT_PROJECT_VERSION = 1;
				DEVELOPMENT_ASSET_PATHS = "\"ForeignCurrencyExchange/Preview Content\"";
				DEVELOPMENT_TEAM = K3BS6HSMX8;
				ENABLE_PREVIEWS = YES;
				GENERATE_INFOPLIST_FILE = YES;
				INFOPLIST_KEY_UIApplicationSceneManifest_Generation = YES;
				INFOPLIST_KEY_UIApplicationSupportsIndirectInputEvents = YES;
				INFOPLIST_KEY_UILaunchScreen_Generation = YES;
				INFOPLIST_KEY_UISupportedInterfaceOrientations_iPad = "UIInterfaceOrientationPortrait UIInterfaceOrientationPortraitUpsideDown UIInterfaceOrientationLandscapeLeft UIInterfaceOrientationLandscapeRight";
				INFOPLIST_KEY_UISupportedInterfaceOrientations_iPhone = "UIInterfaceOrientationPortrait UIInterfaceOrientationLandscapeLeft UIInterfaceOrientationLandscapeRight";
				LD_RUNPATH_SEARCH_PATHS = (
					"$(inherited)",
					"@executable_path/Frameworks",
				);
				MARKETING_VERSION = 1.0;
				PRODUCT_BUNDLE_IDENTIFIER = TAMU.ForeignCurrencyExchange;
				PRODUCT_NAME = "$(TARGET_NAME)";
				SWIFT_EMIT_LOC_STRINGS = YES;
				SWIFT_VERSION = 5.0;
				TARGETED_DEVICE_FAMILY = "1,2";
			};
			name = Debug;
		};
		5C4C52352BAA92D5005616F3 /* Release */ = {
			isa = XCBuildConfiguration;
			buildSettings = {
				ASSETCATALOG_COMPILER_APPICON_NAME = AppIcon;
				ASSETCATALOG_COMPILER_GLOBAL_ACCENT_COLOR_NAME = AccentColor;
				CODE_SIGN_STYLE = Automatic;
				CURRENT_PROJECT_VERSION = 1;
				DEVELOPMENT_ASSET_PATHS = "\"ForeignCurrencyExchange/Preview Content\"";
				DEVELOPMENT_TEAM = K3BS6HSMX8;
				ENABLE_PREVIEWS = YES;
				GENERATE_INFOPLIST_FILE = YES;
				INFOPLIST_KEY_UIApplicationSceneManifest_Generation = YES;
				INFOPLIST_KEY_UIApplicationSupportsIndirectInputEvents = YES;
				INFOPLIST_KEY_UILaunchScreen_Generation = YES;
				INFOPLIST_KEY_UISupportedInterfaceOrientations_iPad = "UIInterfaceOrientationPortrait UIInterfaceOrientationPortraitUpsideDown UIInterfaceOrientationLandscapeLeft UIInterfaceOrientationLandscapeRight";
				INFOPLIST_KEY_UISupportedInterfaceOrientations_iPhone = "UIInterfaceOrientationPortrait UIInterfaceOrientationLandscapeLeft UIInterfaceOrientationLandscapeRight";
				LD_RUNPATH_SEARCH_PATHS = (
					"$(inherited)",
					"@executable_path/Frameworks",
				);
				MARKETING_VERSION = 1.0;
				PRODUCT_BUNDLE_IDENTIFIER = TAMU.ForeignCurrencyExchange;
				PRODUCT_NAME = "$(TARGET_NAME)";
				SWIFT_EMIT_LOC_STRINGS = YES;
				SWIFT_VERSION = 5.0;
				TARGETED_DEVICE_FAMILY = "1,2";
			};
			name = Release;
		};
		5C4C52372BAA92D5005616F3 /* Debug */ = {
			isa = XCBuildConfiguration;
			buildSettings = {
				ALWAYS_EMBED_SWIFT_STANDARD_LIBRARIES = YES;
				BUNDLE_LOADER = "$(TEST_HOST)";
				CODE_SIGN_STYLE = Automatic;
				CURRENT_PROJECT_VERSION = 1;
				DEVELOPMENT_TEAM = K3BS6HSMX8;
				GENERATE_INFOPLIST_FILE = YES;
				IPHONEOS_DEPLOYMENT_TARGET = 17.4;
				MARKETING_VERSION = 1.0;
				PRODUCT_BUNDLE_IDENTIFIER = TAMU.ForeignCurrencyExchangeTests;
				PRODUCT_NAME = "$(TARGET_NAME)";
				SWIFT_EMIT_LOC_STRINGS = NO;
				SWIFT_VERSION = 5.0;
				TARGETED_DEVICE_FAMILY = "1,2";
				TEST_HOST = "$(BUILT_PRODUCTS_DIR)/ForeignCurrencyExchange.app/$(BUNDLE_EXECUTABLE_FOLDER_PATH)/ForeignCurrencyExchange";
			};
			name = Debug;
		};
		5C4C52382BAA92D5005616F3 /* Release */ = {
			isa = XCBuildConfiguration;
			buildSettings = {
				ALWAYS_EMBED_SWIFT_STANDARD_LIBRARIES = YES;
				BUNDLE_LOADER = "$(TEST_HOST)";
				CODE_SIGN_STYLE = Automatic;
				CURRENT_PROJECT_VERSION = 1;
				DEVELOPMENT_TEAM = K3BS6HSMX8;
				GENERATE_INFOPLIST_FILE = YES;
				IPHONEOS_DEPLOYMENT_TARGET = 17.4;
				MARKETING_VERSION = 1.0;
				PRODUCT_BUNDLE_IDENTIFIER = TAMU.ForeignCurrencyExchangeTests;
				PRODUCT_NAME = "$(TARGET_NAME)";
				SWIFT_EMIT_LOC_STRINGS = NO;
				SWIFT_VERSION = 5.0;
				TARGETED_DEVICE_FAMILY = "1,2";
				TEST_HOST = "$(BUILT_PRODUCTS_DIR)/ForeignCurrencyExchange.app/$(BUNDLE_EXECUTABLE_FOLDER_PATH)/ForeignCurrencyExchange";
			};
			name = Release;
		};
		5C4C523A2BAA92D5005616F3 /* Debug */ = {
			isa = XCBuildConfiguration;
			buildSettings = {
				ALWAYS_EMBED_SWIFT_STANDARD_LIBRARIES = YES;
				CODE_SIGN_STYLE = Automatic;
				CURRENT_PROJECT_VERSION = 1;
				DEVELOPMENT_TEAM = K3BS6HSMX8;
				GENERATE_INFOPLIST_FILE = YES;
				MARKETING_VERSION = 1.0;
				PRODUCT_BUNDLE_IDENTIFIER = TAMU.ForeignCurrencyExchangeUITests;
				PRODUCT_NAME = "$(TARGET_NAME)";
				SWIFT_EMIT_LOC_STRINGS = NO;
				SWIFT_VERSION = 5.0;
				TARGETED_DEVICE_FAMILY = "1,2";
				TEST_TARGET_NAME = ForeignCurrencyExchange;
			};
			name = Debug;
		};
		5C4C523B2BAA92D5005616F3 /* Release */ = {
			isa = XCBuildConfiguration;
			buildSettings = {
				ALWAYS_EMBED_SWIFT_STANDARD_LIBRARIES = YES;
				CODE_SIGN_STYLE = Automatic;
				CURRENT_PROJECT_VERSION = 1;
				DEVELOPMENT_TEAM = K3BS6HSMX8;
				GENERATE_INFOPLIST_FILE = YES;
				MARKETING_VERSION = 1.0;
				PRODUCT_BUNDLE_IDENTIFIER = TAMU.ForeignCurrencyExchangeUITests;
				PRODUCT_NAME = "$(TARGET_NAME)";
				SWIFT_EMIT_LOC_STRINGS = NO;
				SWIFT_VERSION = 5.0;
				TARGETED_DEVICE_FAMILY = "1,2";
				TEST_TARGET_NAME = ForeignCurrencyExchange;
			};
			name = Release;
		};
/* End XCBuildConfiguration section */

/* Begin XCConfigurationList section */
		5C4C520A2BAA92D3005616F3 /* Build configuration list for PBXProject "ForeignCurrencyExchange" */ = {
			isa = XCConfigurationList;
			buildConfigurations = (
				5C4C52312BAA92D5005616F3 /* Debug */,
				5C4C52322BAA92D5005616F3 /* Release */,
			);
			defaultConfigurationIsVisible = 0;
			defaultConfigurationName = Release;
		};
		5C4C52332BAA92D5005616F3 /* Build configuration list for PBXNativeTarget "ForeignCurrencyExchange" */ = {
			isa = XCConfigurationList;
			buildConfigurations = (
				5C4C52342BAA92D5005616F3 /* Debug */,
				5C4C52352BAA92D5005616F3 /* Release */,
			);
			defaultConfigurationIsVisible = 0;
			defaultConfigurationName = Release;
		};
		5C4C52362BAA92D5005616F3 /* Build configuration list for PBXNativeTarget "ForeignCurrencyExchangeTests" */ = {
			isa = XCConfigurationList;
			buildConfigurations = (
				5C4C52372BAA92D5005616F3 /* Debug */,
				5C4C52382BAA92D5005616F3 /* Release */,
			);
			defaultConfigurationIsVisible = 0;
			defaultConfigurationName = Release;
		};
		5C4C52392BAA92D5005616F3 /* Build configuration list for PBXNativeTarget "ForeignCurrencyExchangeUITests" */ = {
			isa = XCConfigurationList;
			buildConfigurations = (
				5C4C523A2BAA92D5005616F3 /* Debug */,
				5C4C523B2BAA92D5005616F3 /* Release */,
			);
			defaultConfigurationIsVisible = 0;
			defaultConfigurationName = Release;
		};
/* End XCConfigurationList section */
	};
	rootObject = 5C4C52072BAA92D3005616F3 /* Project object */;
}
